// !$*UTF8*$!
{
	archiveVersion = 1;
	classes = {
	};
	objectVersion = 46;
	objects = {

/* Begin PBXBuildFile section */
		2BF6DEAD1F04ED8900458895 /* main.m in Sources */ = {isa = PBXBuildFile; fileRef = 2BF6DEAC1F04ED8900458895 /* main.m */; };
		2BF6DEB81F04ED8900458895 /* Assets.xcassets in Resources */ = {isa = PBXBuildFile; fileRef = 2BF6DEB71F04ED8900458895 /* Assets.xcassets */; };
		2BF6DEBB1F04ED8900458895 /* LaunchScreen.storyboard in Resources */ = {isa = PBXBuildFile; fileRef = 2BF6DEB91F04ED8900458895 /* LaunchScreen.storyboard */; };
		2BF6DEC61F04ED8900458895 /* ATNBSBDJTests.m in Sources */ = {isa = PBXBuildFile; fileRef = 2BF6DEC51F04ED8900458895 /* ATNBSBDJTests.m */; };
		2BF6DED11F04ED8900458895 /* ATNBSBDJUITests.m in Sources */ = {isa = PBXBuildFile; fileRef = 2BF6DED01F04ED8900458895 /* ATNBSBDJUITests.m */; };
		2BFFFA171F067F8B001D95E2 /* AppDelegate.m in Sources */ = {isa = PBXBuildFile; fileRef = 2BFFF9F01F067F8B001D95E2 /* AppDelegate.m */; };
		2BFFFA181F067F8B001D95E2 /* ATNEssenceViewController.m in Sources */ = {isa = PBXBuildFile; fileRef = 2BFFF9F41F067F8B001D95E2 /* ATNEssenceViewController.m */; };
		2BFFFA191F067F8B001D95E2 /* ATNFriendTrendsViewController.m in Sources */ = {isa = PBXBuildFile; fileRef = 2BFFF9FA1F067F8B001D95E2 /* ATNFriendTrendsViewController.m */; };
		2BFFFA1B1F067F8B001D95E2 /* ATNMeViewController.m in Sources */ = {isa = PBXBuildFile; fileRef = 2BFFFA011F067F8B001D95E2 /* ATNMeViewController.m */; };
		2BFFFA1C1F067F8B001D95E2 /* ATNNewViewController.m in Sources */ = {isa = PBXBuildFile; fileRef = 2BFFFA071F067F8B001D95E2 /* ATNNewViewController.m */; };
		2BFFFA201F067F8B001D95E2 /* ViewController.m in Sources */ = {isa = PBXBuildFile; fileRef = 2BFFFA161F067F8B001D95E2 /* ViewController.m */; };
		2BFFFA2C1F06807F001D95E2 /* ATNTabBarController.m in Sources */ = {isa = PBXBuildFile; fileRef = 2BFFFA241F06807F001D95E2 /* ATNTabBarController.m */; };
		2BFFFA2D1F06807F001D95E2 /* UIView+ATNExtension.m in Sources */ = {isa = PBXBuildFile; fileRef = 2BFFFA271F06807F001D95E2 /* UIView+ATNExtension.m */; };
		2BFFFA2E1F06807F001D95E2 /* ATNTabBar.m in Sources */ = {isa = PBXBuildFile; fileRef = 2BFFFA2B1F06807F001D95E2 /* ATNTabBar.m */; };
		2BFFFA341F06910B001D95E2 /* UIBarButtonItem+ATNExtension.m in Sources */ = {isa = PBXBuildFile; fileRef = 2BFFFA331F06910B001D95E2 /* UIBarButtonItem+ATNExtension.m */; };
/* End PBXBuildFile section */

/* Begin PBXContainerItemProxy section */
		2BF6DEC21F04ED8900458895 /* PBXContainerItemProxy */ = {
			isa = PBXContainerItemProxy;
			containerPortal = 2BF6DEA01F04ED8900458895 /* Project object */;
			proxyType = 1;
			remoteGlobalIDString = 2BF6DEA71F04ED8900458895;
			remoteInfo = ATNBSBDJ;
		};
		2BF6DECD1F04ED8900458895 /* PBXContainerItemProxy */ = {
			isa = PBXContainerItemProxy;
			containerPortal = 2BF6DEA01F04ED8900458895 /* Project object */;
			proxyType = 1;
			remoteGlobalIDString = 2BF6DEA71F04ED8900458895;
			remoteInfo = ATNBSBDJ;
		};
/* End PBXContainerItemProxy section */

/* Begin PBXFileReference section */
		2BF6DEA81F04ED8900458895 /* ATNBSBDJ.app */ = {isa = PBXFileReference; explicitFileType = wrapper.application; includeInIndex = 0; path = ATNBSBDJ.app; sourceTree = BUILT_PRODUCTS_DIR; };
		2BF6DEAC1F04ED8900458895 /* main.m */ = {isa = PBXFileReference; lastKnownFileType = sourcecode.c.objc; path = main.m; sourceTree = "<group>"; };
		2BF6DEB71F04ED8900458895 /* Assets.xcassets */ = {isa = PBXFileReference; lastKnownFileType = folder.assetcatalog; path = Assets.xcassets; sourceTree = "<group>"; };
		2BF6DEBA1F04ED8900458895 /* Base */ = {isa = PBXFileReference; lastKnownFileType = file.storyboard; name = Base; path = Base.lproj/LaunchScreen.storyboard; sourceTree = "<group>"; };
		2BF6DEBC1F04ED8900458895 /* Info.plist */ = {isa = PBXFileReference; lastKnownFileType = text.plist.xml; path = Info.plist; sourceTree = "<group>"; };
		2BF6DEC11F04ED8900458895 /* ATNBSBDJTests.xctest */ = {isa = PBXFileReference; explicitFileType = wrapper.cfbundle; includeInIndex = 0; path = ATNBSBDJTests.xctest; sourceTree = BUILT_PRODUCTS_DIR; };
		2BF6DEC51F04ED8900458895 /* ATNBSBDJTests.m */ = {isa = PBXFileReference; lastKnownFileType = sourcecode.c.objc; path = ATNBSBDJTests.m; sourceTree = "<group>"; };
		2BF6DEC71F04ED8900458895 /* Info.plist */ = {isa = PBXFileReference; lastKnownFileType = text.plist.xml; path = Info.plist; sourceTree = "<group>"; };
		2BF6DECC1F04ED8900458895 /* ATNBSBDJUITests.xctest */ = {isa = PBXFileReference; explicitFileType = wrapper.cfbundle; includeInIndex = 0; path = ATNBSBDJUITests.xctest; sourceTree = BUILT_PRODUCTS_DIR; };
		2BF6DED01F04ED8900458895 /* ATNBSBDJUITests.m */ = {isa = PBXFileReference; lastKnownFileType = sourcecode.c.objc; path = ATNBSBDJUITests.m; sourceTree = "<group>"; };
		2BF6DED21F04ED8900458895 /* Info.plist */ = {isa = PBXFileReference; lastKnownFileType = text.plist.xml; path = Info.plist; sourceTree = "<group>"; };
		2BFFF9EF1F067F8B001D95E2 /* AppDelegate.h */ = {isa = PBXFileReference; fileEncoding = 4; lastKnownFileType = sourcecode.c.h; path = AppDelegate.h; sourceTree = "<group>"; };
		2BFFF9F01F067F8B001D95E2 /* AppDelegate.m */ = {isa = PBXFileReference; fileEncoding = 4; lastKnownFileType = sourcecode.c.objc; path = AppDelegate.m; sourceTree = "<group>"; };
		2BFFF9F31F067F8B001D95E2 /* ATNEssenceViewController.h */ = {isa = PBXFileReference; fileEncoding = 4; lastKnownFileType = sourcecode.c.h; path = ATNEssenceViewController.h; sourceTree = "<group>"; };
		2BFFF9F41F067F8B001D95E2 /* ATNEssenceViewController.m */ = {isa = PBXFileReference; fileEncoding = 4; lastKnownFileType = sourcecode.c.objc; path = ATNEssenceViewController.m; sourceTree = "<group>"; };
		2BFFF9F91F067F8B001D95E2 /* ATNFriendTrendsViewController.h */ = {isa = PBXFileReference; fileEncoding = 4; lastKnownFileType = sourcecode.c.h; path = ATNFriendTrendsViewController.h; sourceTree = "<group>"; };
		2BFFF9FA1F067F8B001D95E2 /* ATNFriendTrendsViewController.m */ = {isa = PBXFileReference; fileEncoding = 4; lastKnownFileType = sourcecode.c.objc; path = ATNFriendTrendsViewController.m; sourceTree = "<group>"; };
		2BFFFA001F067F8B001D95E2 /* ATNMeViewController.h */ = {isa = PBXFileReference; fileEncoding = 4; lastKnownFileType = sourcecode.c.h; path = ATNMeViewController.h; sourceTree = "<group>"; };
		2BFFFA011F067F8B001D95E2 /* ATNMeViewController.m */ = {isa = PBXFileReference; fileEncoding = 4; lastKnownFileType = sourcecode.c.objc; path = ATNMeViewController.m; sourceTree = "<group>"; };
		2BFFFA061F067F8B001D95E2 /* ATNNewViewController.h */ = {isa = PBXFileReference; fileEncoding = 4; lastKnownFileType = sourcecode.c.h; path = ATNNewViewController.h; sourceTree = "<group>"; };
		2BFFFA071F067F8B001D95E2 /* ATNNewViewController.m */ = {isa = PBXFileReference; fileEncoding = 4; lastKnownFileType = sourcecode.c.objc; path = ATNNewViewController.m; sourceTree = "<group>"; };
		2BFFFA0B1F067F8B001D95E2 /* ATNHeader.pch */ = {isa = PBXFileReference; fileEncoding = 4; lastKnownFileType = sourcecode.c.h; path = ATNHeader.pch; sourceTree = "<group>"; };
		2BFFFA151F067F8B001D95E2 /* ViewController.h */ = {isa = PBXFileReference; fileEncoding = 4; lastKnownFileType = sourcecode.c.h; path = ViewController.h; sourceTree = "<group>"; };
		2BFFFA161F067F8B001D95E2 /* ViewController.m */ = {isa = PBXFileReference; fileEncoding = 4; lastKnownFileType = sourcecode.c.objc; path = ViewController.m; sourceTree = "<group>"; };
		2BFFFA211F06807F001D95E2 /* ATNHeader.pch */ = {isa = PBXFileReference; fileEncoding = 4; lastKnownFileType = sourcecode.c.h; path = ATNHeader.pch; sourceTree = "<group>"; };
		2BFFFA231F06807F001D95E2 /* ATNTabBarController.h */ = {isa = PBXFileReference; fileEncoding = 4; lastKnownFileType = sourcecode.c.h; path = ATNTabBarController.h; sourceTree = "<group>"; };
		2BFFFA241F06807F001D95E2 /* ATNTabBarController.m */ = {isa = PBXFileReference; fileEncoding = 4; lastKnownFileType = sourcecode.c.objc; path = ATNTabBarController.m; sourceTree = "<group>"; };
		2BFFFA261F06807F001D95E2 /* UIView+ATNExtension.h */ = {isa = PBXFileReference; fileEncoding = 4; lastKnownFileType = sourcecode.c.h; path = "UIView+ATNExtension.h"; sourceTree = "<group>"; };
		2BFFFA271F06807F001D95E2 /* UIView+ATNExtension.m */ = {isa = PBXFileReference; fileEncoding = 4; lastKnownFileType = sourcecode.c.objc; path = "UIView+ATNExtension.m"; sourceTree = "<group>"; };
		2BFFFA2A1F06807F001D95E2 /* ATNTabBar.h */ = {isa = PBXFileReference; fileEncoding = 4; lastKnownFileType = sourcecode.c.h; path = ATNTabBar.h; sourceTree = "<group>"; };
		2BFFFA2B1F06807F001D95E2 /* ATNTabBar.m */ = {isa = PBXFileReference; fileEncoding = 4; lastKnownFileType = sourcecode.c.objc; path = ATNTabBar.m; sourceTree = "<group>"; };
		2BFFFA321F06910B001D95E2 /* UIBarButtonItem+ATNExtension.h */ = {isa = PBXFileReference; fileEncoding = 4; lastKnownFileType = sourcecode.c.h; path = "UIBarButtonItem+ATNExtension.h"; sourceTree = "<group>"; };
		2BFFFA331F06910B001D95E2 /* UIBarButtonItem+ATNExtension.m */ = {isa = PBXFileReference; fileEncoding = 4; lastKnownFileType = sourcecode.c.objc; path = "UIBarButtonItem+ATNExtension.m"; sourceTree = "<group>"; };
/* End PBXFileReference section */

/* Begin PBXFrameworksBuildPhase section */
		2BF6DEA51F04ED8900458895 /* Frameworks */ = {
			isa = PBXFrameworksBuildPhase;
			buildActionMask = 2147483647;
			files = (
			);
			runOnlyForDeploymentPostprocessing = 0;
		};
		2BF6DEBE1F04ED8900458895 /* Frameworks */ = {
			isa = PBXFrameworksBuildPhase;
			buildActionMask = 2147483647;
			files = (
			);
			runOnlyForDeploymentPostprocessing = 0;
		};
		2BF6DEC91F04ED8900458895 /* Frameworks */ = {
			isa = PBXFrameworksBuildPhase;
			buildActionMask = 2147483647;
			files = (
			);
			runOnlyForDeploymentPostprocessing = 0;
		};
/* End PBXFrameworksBuildPhase section */

/* Begin PBXGroup section */
		2BF6DE9F1F04ED8900458895 = {
			isa = PBXGroup;
			children = (
				2BF6DEAA1F04ED8900458895 /* ATNBSBDJ */,
				2BF6DEC41F04ED8900458895 /* ATNBSBDJTests */,
				2BF6DECF1F04ED8900458895 /* ATNBSBDJUITests */,
				2BF6DEA91F04ED8900458895 /* Products */,
			);
			sourceTree = "<group>";
		};
		2BF6DEA91F04ED8900458895 /* Products */ = {
			isa = PBXGroup;
			children = (
				2BF6DEA81F04ED8900458895 /* ATNBSBDJ.app */,
				2BF6DEC11F04ED8900458895 /* ATNBSBDJTests.xctest */,
				2BF6DECC1F04ED8900458895 /* ATNBSBDJUITests.xctest */,
			);
			name = Products;
			sourceTree = "<group>";
		};
		2BF6DEAA1F04ED8900458895 /* ATNBSBDJ */ = {
			isa = PBXGroup;
			children = (
				2BFFF9EE1F067F8B001D95E2 /* Classes */,
				2BF6DEB71F04ED8900458895 /* Assets.xcassets */,
				2BF6DEB91F04ED8900458895 /* LaunchScreen.storyboard */,
				2BF6DEBC1F04ED8900458895 /* Info.plist */,
				2BF6DEAB1F04ED8900458895 /* Supporting Files */,
			);
			path = ATNBSBDJ;
			sourceTree = "<group>";
		};
		2BF6DEAB1F04ED8900458895 /* Supporting Files */ = {
			isa = PBXGroup;
			children = (
				2BF6DEAC1F04ED8900458895 /* main.m */,
			);
			name = "Supporting Files";
			sourceTree = "<group>";
		};
		2BF6DEC41F04ED8900458895 /* ATNBSBDJTests */ = {
			isa = PBXGroup;
			children = (
				2BF6DEC51F04ED8900458895 /* ATNBSBDJTests.m */,
				2BF6DEC71F04ED8900458895 /* Info.plist */,
			);
			path = ATNBSBDJTests;
			sourceTree = "<group>";
		};
		2BF6DECF1F04ED8900458895 /* ATNBSBDJUITests */ = {
			isa = PBXGroup;
			children = (
				2BF6DED01F04ED8900458895 /* ATNBSBDJUITests.m */,
				2BF6DED21F04ED8900458895 /* Info.plist */,
			);
			path = ATNBSBDJUITests;
			sourceTree = "<group>";
		};
		2BFFF9EE1F067F8B001D95E2 /* Classes */ = {
			isa = PBXGroup;
			children = (
				2BFFF9EF1F067F8B001D95E2 /* AppDelegate.h */,
				2BFFF9F01F067F8B001D95E2 /* AppDelegate.m */,
				2BFFF9F11F067F8B001D95E2 /* Essence */,
				2BFFFA041F067F8B001D95E2 /* New */,
				2BFFF9F71F067F8B001D95E2 /* FriendsTrend */,
				2BFFF9FE1F067F8B001D95E2 /* Me */,
				2BFFFA0A1F067F8B001D95E2 /* Others */,
				2BFFFA151F067F8B001D95E2 /* ViewController.h */,
				2BFFFA161F067F8B001D95E2 /* ViewController.m */,
			);
			path = Classes;
			sourceTree = "<group>";
		};
		2BFFF9F11F067F8B001D95E2 /* Essence */ = {
			isa = PBXGroup;
			children = (
				2BFFF9F21F067F8B001D95E2 /* Controller */,
				2BFFF9F51F067F8B001D95E2 /* Model */,
				2BFFF9F61F067F8B001D95E2 /* View */,
			);
			path = Essence;
			sourceTree = "<group>";
		};
		2BFFF9F21F067F8B001D95E2 /* Controller */ = {
			isa = PBXGroup;
			children = (
				2BFFF9F31F067F8B001D95E2 /* ATNEssenceViewController.h */,
				2BFFF9F41F067F8B001D95E2 /* ATNEssenceViewController.m */,
			);
			path = Controller;
			sourceTree = "<group>";
		};
		2BFFF9F51F067F8B001D95E2 /* Model */ = {
			isa = PBXGroup;
			children = (
			);
			path = Model;
			sourceTree = "<group>";
		};
		2BFFF9F61F067F8B001D95E2 /* View */ = {
			isa = PBXGroup;
			children = (
			);
			path = View;
			sourceTree = "<group>";
		};
		2BFFF9F71F067F8B001D95E2 /* FriendsTrend */ = {
			isa = PBXGroup;
			children = (
				2BFFF9F81F067F8B001D95E2 /* Controller */,
				2BFFF9FB1F067F8B001D95E2 /* Model */,
				2BFFF9FC1F067F8B001D95E2 /* View */,
			);
			path = FriendsTrend;
			sourceTree = "<group>";
		};
		2BFFF9F81F067F8B001D95E2 /* Controller */ = {
			isa = PBXGroup;
			children = (
				2BFFF9F91F067F8B001D95E2 /* ATNFriendTrendsViewController.h */,
				2BFFF9FA1F067F8B001D95E2 /* ATNFriendTrendsViewController.m */,
			);
			path = Controller;
			sourceTree = "<group>";
		};
		2BFFF9FB1F067F8B001D95E2 /* Model */ = {
			isa = PBXGroup;
			children = (
			);
			path = Model;
			sourceTree = "<group>";
		};
		2BFFF9FC1F067F8B001D95E2 /* View */ = {
			isa = PBXGroup;
			children = (
			);
			path = View;
			sourceTree = "<group>";
		};
		2BFFF9FE1F067F8B001D95E2 /* Me */ = {
			isa = PBXGroup;
			children = (
				2BFFF9FF1F067F8B001D95E2 /* Controller */,
				2BFFFA021F067F8B001D95E2 /* Model */,
				2BFFFA031F067F8B001D95E2 /* View */,
			);
			path = Me;
			sourceTree = "<group>";
		};
		2BFFF9FF1F067F8B001D95E2 /* Controller */ = {
			isa = PBXGroup;
			children = (
				2BFFFA001F067F8B001D95E2 /* ATNMeViewController.h */,
				2BFFFA011F067F8B001D95E2 /* ATNMeViewController.m */,
			);
			path = Controller;
			sourceTree = "<group>";
		};
		2BFFFA021F067F8B001D95E2 /* Model */ = {
			isa = PBXGroup;
			children = (
			);
			path = Model;
			sourceTree = "<group>";
		};
		2BFFFA031F067F8B001D95E2 /* View */ = {
			isa = PBXGroup;
			children = (
			);
			path = View;
			sourceTree = "<group>";
		};
		2BFFFA041F067F8B001D95E2 /* New */ = {
			isa = PBXGroup;
			children = (
				2BFFFA051F067F8B001D95E2 /* Controller */,
				2BFFFA081F067F8B001D95E2 /* Model */,
				2BFFFA091F067F8B001D95E2 /* View */,
			);
			path = New;
			sourceTree = "<group>";
		};
		2BFFFA051F067F8B001D95E2 /* Controller */ = {
			isa = PBXGroup;
			children = (
				2BFFFA061F067F8B001D95E2 /* ATNNewViewController.h */,
				2BFFFA071F067F8B001D95E2 /* ATNNewViewController.m */,
			);
			path = Controller;
			sourceTree = "<group>";
		};
		2BFFFA081F067F8B001D95E2 /* Model */ = {
			isa = PBXGroup;
			children = (
			);
			path = Model;
			sourceTree = "<group>";
		};
		2BFFFA091F067F8B001D95E2 /* View */ = {
			isa = PBXGroup;
			children = (
			);
			path = View;
			sourceTree = "<group>";
		};
		2BFFFA0A1F067F8B001D95E2 /* Others */ = {
			isa = PBXGroup;
			children = (
				2BFFFA211F06807F001D95E2 /* ATNHeader.pch */,
				2BFFFA221F06807F001D95E2 /* Controller */,
				2BFFFA251F06807F001D95E2 /* Extension */,
				2BFFFA281F06807F001D95E2 /* Model */,
				2BFFFA291F06807F001D95E2 /* View */,
				2BFFFA0B1F067F8B001D95E2 /* ATNHeader.pch */,
			);
			path = Others;
			sourceTree = "<group>";
		};
		2BFFFA221F06807F001D95E2 /* Controller */ = {
			isa = PBXGroup;
			children = (
				2BFFFA231F06807F001D95E2 /* ATNTabBarController.h */,
				2BFFFA241F06807F001D95E2 /* ATNTabBarController.m */,
			);
			path = Controller;
			sourceTree = "<group>";
		};
		2BFFFA251F06807F001D95E2 /* Extension */ = {
			isa = PBXGroup;
			children = (
				2BFFFA261F06807F001D95E2 /* UIView+ATNExtension.h */,
				2BFFFA271F06807F001D95E2 /* UIView+ATNExtension.m */,
				2BFFFA321F06910B001D95E2 /* UIBarButtonItem+ATNExtension.h */,
				2BFFFA331F06910B001D95E2 /* UIBarButtonItem+ATNExtension.m */,
			);
			path = Extension;
			sourceTree = "<group>";
		};
		2BFFFA281F06807F001D95E2 /* Model */ = {
			isa = PBXGroup;
			children = (
			);
			path = Model;
			sourceTree = "<group>";
		};
		2BFFFA291F06807F001D95E2 /* View */ = {
			isa = PBXGroup;
			children = (
				2BFFFA2A1F06807F001D95E2 /* ATNTabBar.h */,
				2BFFFA2B1F06807F001D95E2 /* ATNTabBar.m */,
			);
			path = View;
			sourceTree = "<group>";
		};
/* End PBXGroup section */

/* Begin PBXNativeTarget section */
		2BF6DEA71F04ED8900458895 /* ATNBSBDJ */ = {
			isa = PBXNativeTarget;
			buildConfigurationList = 2BF6DED51F04ED8900458895 /* Build configuration list for PBXNativeTarget "ATNBSBDJ" */;
			buildPhases = (
				2BF6DEA41F04ED8900458895 /* Sources */,
				2BF6DEA51F04ED8900458895 /* Frameworks */,
				2BF6DEA61F04ED8900458895 /* Resources */,
			);
			buildRules = (
			);
			dependencies = (
			);
			name = ATNBSBDJ;
			productName = ATNBSBDJ;
			productReference = 2BF6DEA81F04ED8900458895 /* ATNBSBDJ.app */;
			productType = "com.apple.product-type.application";
		};
		2BF6DEC01F04ED8900458895 /* ATNBSBDJTests */ = {
			isa = PBXNativeTarget;
			buildConfigurationList = 2BF6DED81F04ED8900458895 /* Build configuration list for PBXNativeTarget "ATNBSBDJTests" */;
			buildPhases = (
				2BF6DEBD1F04ED8900458895 /* Sources */,
				2BF6DEBE1F04ED8900458895 /* Frameworks */,
				2BF6DEBF1F04ED8900458895 /* Resources */,
			);
			buildRules = (
			);
			dependencies = (
				2BF6DEC31F04ED8900458895 /* PBXTargetDependency */,
			);
			name = ATNBSBDJTests;
			productName = ATNBSBDJTests;
			productReference = 2BF6DEC11F04ED8900458895 /* ATNBSBDJTests.xctest */;
			productType = "com.apple.product-type.bundle.unit-test";
		};
		2BF6DECB1F04ED8900458895 /* ATNBSBDJUITests */ = {
			isa = PBXNativeTarget;
			buildConfigurationList = 2BF6DEDB1F04ED8900458895 /* Build configuration list for PBXNativeTarget "ATNBSBDJUITests" */;
			buildPhases = (
				2BF6DEC81F04ED8900458895 /* Sources */,
				2BF6DEC91F04ED8900458895 /* Frameworks */,
				2BF6DECA1F04ED8900458895 /* Resources */,
			);
			buildRules = (
			);
			dependencies = (
				2BF6DECE1F04ED8900458895 /* PBXTargetDependency */,
			);
			name = ATNBSBDJUITests;
			productName = ATNBSBDJUITests;
			productReference = 2BF6DECC1F04ED8900458895 /* ATNBSBDJUITests.xctest */;
			productType = "com.apple.product-type.bundle.ui-testing";
		};
/* End PBXNativeTarget section */

/* Begin PBXProject section */
		2BF6DEA01F04ED8900458895 /* Project object */ = {
			isa = PBXProject;
			attributes = {
				CLASSPREFIX = " ATN";
				LastUpgradeCheck = 0830;
				ORGANIZATIONNAME = "于洪志";
				TargetAttributes = {
					2BF6DEA71F04ED8900458895 = {
						CreatedOnToolsVersion = 8.3.2;
						DevelopmentTeam = DSFM5TP723;
						ProvisioningStyle = Automatic;
					};
					2BF6DEC01F04ED8900458895 = {
						CreatedOnToolsVersion = 8.3.2;
						DevelopmentTeam = DSFM5TP723;
						ProvisioningStyle = Automatic;
						TestTargetID = 2BF6DEA71F04ED8900458895;
					};
					2BF6DECB1F04ED8900458895 = {
						CreatedOnToolsVersion = 8.3.2;
						DevelopmentTeam = DSFM5TP723;
						ProvisioningStyle = Automatic;
						TestTargetID = 2BF6DEA71F04ED8900458895;
					};
				};
			};
			buildConfigurationList = 2BF6DEA31F04ED8900458895 /* Build configuration list for PBXProject "ATNBSBDJ" */;
			compatibilityVersion = "Xcode 3.2";
			developmentRegion = English;
			hasScannedForEncodings = 0;
			knownRegions = (
				en,
				Base,
			);
			mainGroup = 2BF6DE9F1F04ED8900458895;
			productRefGroup = 2BF6DEA91F04ED8900458895 /* Products */;
			projectDirPath = "";
			projectRoot = "";
			targets = (
				2BF6DEA71F04ED8900458895 /* ATNBSBDJ */,
				2BF6DEC01F04ED8900458895 /* ATNBSBDJTests */,
				2BF6DECB1F04ED8900458895 /* ATNBSBDJUITests */,
			);
		};
/* End PBXProject section */

/* Begin PBXResourcesBuildPhase section */
		2BF6DEA61F04ED8900458895 /* Resources */ = {
			isa = PBXResourcesBuildPhase;
			buildActionMask = 2147483647;
			files = (
				2BF6DEBB1F04ED8900458895 /* LaunchScreen.storyboard in Resources */,
				2BF6DEB81F04ED8900458895 /* Assets.xcassets in Resources */,
			);
			runOnlyForDeploymentPostprocessing = 0;
		};
		2BF6DEBF1F04ED8900458895 /* Resources */ = {
			isa = PBXResourcesBuildPhase;
			buildActionMask = 2147483647;
			files = (
			);
			runOnlyForDeploymentPostprocessing = 0;
		};
		2BF6DECA1F04ED8900458895 /* Resources */ = {
			isa = PBXResourcesBuildPhase;
			buildActionMask = 2147483647;
			files = (
			);
			runOnlyForDeploymentPostprocessing = 0;
		};
/* End PBXResourcesBuildPhase section */

/* Begin PBXSourcesBuildPhase section */
		2BF6DEA41F04ED8900458895 /* Sources */ = {
			isa = PBXSourcesBuildPhase;
			buildActionMask = 2147483647;
			files = (
				2BFFFA171F067F8B001D95E2 /* AppDelegate.m in Sources */,
				2BFFFA181F067F8B001D95E2 /* ATNEssenceViewController.m in Sources */,
				2BFFFA341F06910B001D95E2 /* UIBarButtonItem+ATNExtension.m in Sources */,
				2BFFFA1B1F067F8B001D95E2 /* ATNMeViewController.m in Sources */,
				2BFFFA2D1F06807F001D95E2 /* UIView+ATNExtension.m in Sources */,
				2BFFFA191F067F8B001D95E2 /* ATNFriendTrendsViewController.m in Sources */,
				2BFFFA2E1F06807F001D95E2 /* ATNTabBar.m in Sources */,
				2BF6DEAD1F04ED8900458895 /* main.m in Sources */,
				2BFFFA201F067F8B001D95E2 /* ViewController.m in Sources */,
				2BFFFA1C1F067F8B001D95E2 /* ATNNewViewController.m in Sources */,
				2BFFFA2C1F06807F001D95E2 /* ATNTabBarController.m in Sources */,
			);
			runOnlyForDeploymentPostprocessing = 0;
		};
		2BF6DEBD1F04ED8900458895 /* Sources */ = {
			isa = PBXSourcesBuildPhase;
			buildActionMask = 2147483647;
			files = (
				2BF6DEC61F04ED8900458895 /* ATNBSBDJTests.m in Sources */,
			);
			runOnlyForDeploymentPostprocessing = 0;
		};
		2BF6DEC81F04ED8900458895 /* Sources */ = {
			isa = PBXSourcesBuildPhase;
			buildActionMask = 2147483647;
			files = (
				2BF6DED11F04ED8900458895 /* ATNBSBDJUITests.m in Sources */,
			);
			runOnlyForDeploymentPostprocessing = 0;
		};
/* End PBXSourcesBuildPhase section */

/* Begin PBXTargetDependency section */
		2BF6DEC31F04ED8900458895 /* PBXTargetDependency */ = {
			isa = PBXTargetDependency;
			target = 2BF6DEA71F04ED8900458895 /* ATNBSBDJ */;
			targetProxy = 2BF6DEC21F04ED8900458895 /* PBXContainerItemProxy */;
		};
		2BF6DECE1F04ED8900458895 /* PBXTargetDependency */ = {
			isa = PBXTargetDependency;
			target = 2BF6DEA71F04ED8900458895 /* ATNBSBDJ */;
			targetProxy = 2BF6DECD1F04ED8900458895 /* PBXContainerItemProxy */;
		};
/* End PBXTargetDependency section */

/* Begin PBXVariantGroup section */
		2BF6DEB91F04ED8900458895 /* LaunchScreen.storyboard */ = {
			isa = PBXVariantGroup;
			children = (
				2BF6DEBA1F04ED8900458895 /* Base */,
			);
			name = LaunchScreen.storyboard;
			sourceTree = "<group>";
		};
/* End PBXVariantGroup section */

/* Begin XCBuildConfiguration section */
		2BF6DED31F04ED8900458895 /* Debug */ = {
			isa = XCBuildConfiguration;
			buildSettings = {
				ALWAYS_SEARCH_USER_PATHS = NO;
				CLANG_ANALYZER_NONNULL = YES;
				CLANG_ANALYZER_NUMBER_OBJECT_CONVERSION = YES_AGGRESSIVE;
				CLANG_CXX_LANGUAGE_STANDARD = "gnu++0x";
				CLANG_CXX_LIBRARY = "libc++";
				CLANG_ENABLE_MODULES = YES;
				CLANG_ENABLE_OBJC_ARC = YES;
				CLANG_WARN_BOOL_CONVERSION = YES;
				CLANG_WARN_CONSTANT_CONVERSION = YES;
				CLANG_WARN_DIRECT_OBJC_ISA_USAGE = YES_ERROR;
				CLANG_WARN_DOCUMENTATION_COMMENTS = YES;
				CLANG_WARN_EMPTY_BODY = YES;
				CLANG_WARN_ENUM_CONVERSION = YES;
				CLANG_WARN_INFINITE_RECURSION = YES;
				CLANG_WARN_INT_CONVERSION = YES;
				CLANG_WARN_OBJC_ROOT_CLASS = YES_ERROR;
				CLANG_WARN_SUSPICIOUS_MOVE = YES;
				CLANG_WARN_UNREACHABLE_CODE = YES;
				CLANG_WARN__DUPLICATE_METHOD_MATCH = YES;
				"CODE_SIGN_IDENTITY[sdk=iphoneos*]" = "iPhone Developer";
				COPY_PHASE_STRIP = NO;
				DEBUG_INFORMATION_FORMAT = dwarf;
				ENABLE_STRICT_OBJC_MSGSEND = YES;
				ENABLE_TESTABILITY = YES;
				GCC_C_LANGUAGE_STANDARD = gnu99;
				GCC_DYNAMIC_NO_PIC = NO;
				GCC_NO_COMMON_BLOCKS = YES;
				GCC_OPTIMIZATION_LEVEL = 0;
				GCC_PREPROCESSOR_DEFINITIONS = (
					"DEBUG=1",
					"$(inherited)",
				);
				GCC_WARN_64_TO_32_BIT_CONVERSION = YES;
				GCC_WARN_ABOUT_RETURN_TYPE = YES_ERROR;
				GCC_WARN_UNDECLARED_SELECTOR = YES;
				GCC_WARN_UNINITIALIZED_AUTOS = YES_AGGRESSIVE;
				GCC_WARN_UNUSED_FUNCTION = YES;
				GCC_WARN_UNUSED_VARIABLE = YES;
				IPHONEOS_DEPLOYMENT_TARGET = 10.3;
				MTL_ENABLE_DEBUG_INFO = YES;
				ONLY_ACTIVE_ARCH = YES;
				SDKROOT = iphoneos;
				TARGETED_DEVICE_FAMILY = "1,2";
			};
			name = Debug;
		};
		2BF6DED41F04ED8900458895 /* Release */ = {
			isa = XCBuildConfiguration;
			buildSettings = {
				ALWAYS_SEARCH_USER_PATHS = NO;
				CLANG_ANALYZER_NONNULL = YES;
				CLANG_ANALYZER_NUMBER_OBJECT_CONVERSION = YES_AGGRESSIVE;
				CLANG_CXX_LANGUAGE_STANDARD = "gnu++0x";
				CLANG_CXX_LIBRARY = "libc++";
				CLANG_ENABLE_MODULES = YES;
				CLANG_ENABLE_OBJC_ARC = YES;
				CLANG_WARN_BOOL_CONVERSION = YES;
				CLANG_WARN_CONSTANT_CONVERSION = YES;
				CLANG_WARN_DIRECT_OBJC_ISA_USAGE = YES_ERROR;
				CLANG_WARN_DOCUMENTATION_COMMENTS = YES;
				CLANG_WARN_EMPTY_BODY = YES;
				CLANG_WARN_ENUM_CONVERSION = YES;
				CLANG_WARN_INFINITE_RECURSION = YES;
				CLANG_WARN_INT_CONVERSION = YES;
				CLANG_WARN_OBJC_ROOT_CLASS = YES_ERROR;
				CLANG_WARN_SUSPICIOUS_MOVE = YES;
				CLANG_WARN_UNREACHABLE_CODE = YES;
				CLANG_WARN__DUPLICATE_METHOD_MATCH = YES;
				"CODE_SIGN_IDENTITY[sdk=iphoneos*]" = "iPhone Developer";
				COPY_PHASE_STRIP = NO;
				DEBUG_INFORMATION_FORMAT = "dwarf-with-dsym";
				ENABLE_NS_ASSERTIONS = NO;
				ENABLE_STRICT_OBJC_MSGSEND = YES;
				GCC_C_LANGUAGE_STANDARD = gnu99;
				GCC_NO_COMMON_BLOCKS = YES;
				GCC_WARN_64_TO_32_BIT_CONVERSION = YES;
				GCC_WARN_ABOUT_RETURN_TYPE = YES_ERROR;
				GCC_WARN_UNDECLARED_SELECTOR = YES;
				GCC_WARN_UNINITIALIZED_AUTOS = YES_AGGRESSIVE;
				GCC_WARN_UNUSED_FUNCTION = YES;
				GCC_WARN_UNUSED_VARIABLE = YES;
				IPHONEOS_DEPLOYMENT_TARGET = 10.3;
				MTL_ENABLE_DEBUG_INFO = NO;
				SDKROOT = iphoneos;
				TARGETED_DEVICE_FAMILY = "1,2";
				VALIDATE_PRODUCT = YES;
			};
			name = Release;
		};
		2BF6DED61F04ED8900458895 /* Debug */ = {
			isa = XCBuildConfiguration;
			buildSettings = {
				ASSETCATALOG_COMPILER_APPICON_NAME = AppIcon;
				ASSETCATALOG_COMPILER_LAUNCHIMAGE_NAME = LaunchImage;
				DEVELOPMENT_TEAM = DSFM5TP723;
				GCC_PRECOMPILE_PREFIX_HEADER = YES;
				GCC_PREFIX_HEADER = "/Users/yuhongzhi/Documents/iOS projects/ATNBSBDJ/ATNBSBDJ/ATNBSBDJ/Classes/Others/ATNHeader.pch";
				INFOPLIST_FILE = ATNBSBDJ/Info.plist;
				LD_RUNPATH_SEARCH_PATHS = "$(inherited) @executable_path/Frameworks";
				PRODUCT_BUNDLE_IDENTIFIER = atonine.ATNBSBDJ;
				PRODUCT_NAME = "$(TARGET_NAME)";
			};
			name = Debug;
		};
		2BF6DED71F04ED8900458895 /* Release */ = {
			isa = XCBuildConfiguration;
			buildSettings = {
				ASSETCATALOG_COMPILER_APPICON_NAME = AppIcon;
				ASSETCATALOG_COMPILER_LAUNCHIMAGE_NAME = LaunchImage;
				DEVELOPMENT_TEAM = DSFM5TP723;
				GCC_PRECOMPILE_PREFIX_HEADER = YES;
				GCC_PREFIX_HEADER = "/Users/yuhongzhi/Documents/iOS projects/ATNBSBDJ/ATNBSBDJ/ATNBSBDJ/Classes/Others/ATNHeader.pch";
				INFOPLIST_FILE = ATNBSBDJ/Info.plist;
				LD_RUNPATH_SEARCH_PATHS = "$(inherited) @executable_path/Frameworks";
				PRODUCT_BUNDLE_IDENTIFIER = atonine.ATNBSBDJ;
				PRODUCT_NAME = "$(TARGET_NAME)";
			};
			name = Release;
		};
		2BF6DED91F04ED8900458895 /* Debug */ = {
			isa = XCBuildConfiguration;
			buildSettings = {
				BUNDLE_LOADER = "$(TEST_HOST)";
				DEVELOPMENT_TEAM = DSFM5TP723;
				INFOPLIST_FILE = ATNBSBDJTests/Info.plist;
				LD_RUNPATH_SEARCH_PATHS = "$(inherited) @executable_path/Frameworks @loader_path/Frameworks";
				PRODUCT_BUNDLE_IDENTIFIER = atonine.ATNBSBDJTests;
				PRODUCT_NAME = "$(TARGET_NAME)";
				TEST_HOST = "$(BUILT_PRODUCTS_DIR)/ATNBSBDJ.app/ATNBSBDJ";
			};
			name = Debug;
		};
		2BF6DEDA1F04ED8900458895 /* Release */ = {
			isa = XCBuildConfiguration;
			buildSettings = {
				BUNDLE_LOADER = "$(TEST_HOST)";
				DEVELOPMENT_TEAM = DSFM5TP723;
				INFOPLIST_FILE = ATNBSBDJTests/Info.plist;
				LD_RUNPATH_SEARCH_PATHS = "$(inherited) @executable_path/Frameworks @loader_path/Frameworks";
				PRODUCT_BUNDLE_IDENTIFIER = atonine.ATNBSBDJTests;
				PRODUCT_NAME = "$(TARGET_NAME)";
				TEST_HOST = "$(BUILT_PRODUCTS_DIR)/ATNBSBDJ.app/ATNBSBDJ";
			};
			name = Release;
		};
		2BF6DEDC1F04ED8900458895 /* Debug */ = {
			isa = XCBuildConfiguration;
			buildSettings = {
				DEVELOPMENT_TEAM = DSFM5TP723;
				INFOPLIST_FILE = ATNBSBDJUITests/Info.plist;
				LD_RUNPATH_SEARCH_PATHS = "$(inherited) @executable_path/Frameworks @loader_path/Frameworks";
				PRODUCT_BUNDLE_IDENTIFIER = atonine.ATNBSBDJUITests;
				PRODUCT_NAME = "$(TARGET_NAME)";
				TEST_TARGET_NAME = ATNBSBDJ;
			};
			name = Debug;
		};
		2BF6DEDD1F04ED8900458895 /* Release */ = {
			isa = XCBuildConfiguration;
			buildSettings = {
				DEVELOPMENT_TEAM = DSFM5TP723;
				INFOPLIST_FILE = ATNBSBDJUITests/Info.plist;
				LD_RUNPATH_SEARCH_PATHS = "$(inherited) @executable_path/Frameworks @loader_path/Frameworks";
				PRODUCT_BUNDLE_IDENTIFIER = atonine.ATNBSBDJUITests;
				PRODUCT_NAME = "$(TARGET_NAME)";
				TEST_TARGET_NAME = ATNBSBDJ;
			};
			name = Release;
		};
/* End XCBuildConfiguration section */

/* Begin XCConfigurationList section */
		2BF6DEA31F04ED8900458895 /* Build configuration list for PBXProject "ATNBSBDJ" */ = {
			isa = XCConfigurationList;
			buildConfigurations = (
				2BF6DED31F04ED8900458895 /* Debug */,
				2BF6DED41F04ED8900458895 /* Release */,
			);
			defaultConfigurationIsVisible = 0;
			defaultConfigurationName = Release;
		};
		2BF6DED51F04ED8900458895 /* Build configuration list for PBXNativeTarget "ATNBSBDJ" */ = {
			isa = XCConfigurationList;
			buildConfigurations = (
				2BF6DED61F04ED8900458895 /* Debug */,
				2BF6DED71F04ED8900458895 /* Release */,
			);
			defaultConfigurationIsVisible = 0;
			defaultConfigurationName = Release;
		};
		2BF6DED81F04ED8900458895 /* Build configuration list for PBXNativeTarget "ATNBSBDJTests" */ = {
			isa = XCConfigurationList;
			buildConfigurations = (
				2BF6DED91F04ED8900458895 /* Debug */,
				2BF6DEDA1F04ED8900458895 /* Release */,
			);
			defaultConfigurationIsVisible = 0;
			defaultConfigurationName = Release;
		};
		2BF6DEDB1F04ED8900458895 /* Build configuration list for PBXNativeTarget "ATNBSBDJUITests" */ = {
			isa = XCConfigurationList;
			buildConfigurations = (
				2BF6DEDC1F04ED8900458895 /* Debug */,
				2BF6DEDD1F04ED8900458895 /* Release */,
			);
			defaultConfigurationIsVisible = 0;
			defaultConfigurationName = Release;
		};
/* End XCConfigurationList section */
	};
	rootObject = 2BF6DEA01F04ED8900458895 /* Project object */;
}
